
Microsoft Visual Studio Solution File, Format Version 12.00
# Visual Studio Version 17
VisualStudioVersion = 17.2.32516.85
MinimumVisualStudioVersion = 10.0.40219.1
Project("{9A19103F-16F7-4668-BE54-9A1E7A4F7556}") = "Project_", "Project_\Project_.csproj", "{9CA41941-4647-4715-9E0C-94C2B3917F5A}"
EndProject
Global
	GlobalSection(SolutionConfigurationPlatforms) = preSolution
		Debug|Any CPU = Debug|Any CPU
		Release|Any CPU = Release|Any CPU
	EndGlobalSection
	GlobalSection(ProjectConfigurationPlatforms) = postSolution
		{9CA41941-4647-4715-9E0C-94C2B3917F5A}.Debug|Any CPU.ActiveCfg = Debug|Any CPU
		{9CA41941-4647-4715-9E0C-94C2B3917F5A}.Debug|Any CPU.Build.0 = Debug|Any CPU
		{9CA41941-4647-4715-9E0C-94C2B3917F5A}.Release|Any CPU.ActiveCfg = Release|Any CPU
		{9CA41941-4647-4715-9E0C-94C2B3917F5A}.Release|Any CPU.Build.0 = Release|Any CPU
	EndGlobalSection
	GlobalSection(SolutionProperties) = preSolution
		HideSolutionNode = FALSE
	EndGlobalSection
	GlobalSection(ExtensibilityGlobals) = postSolution
		SolutionGuid = {42B6220D-8EBC-40A6-AEAB-F4714B919FE2}
	EndGlobalSection
EndGlobal
